
Microsoft Visual Studio Solution File, Format Version 12.00
# Visual Studio Version 16
VisualStudioVersion = 16.0.31025.194
MinimumVisualStudioVersion = 10.0.40219.1
Project("{FAE04EC0-301F-11D3-BF4B-00C04F79EFBC}") = "Test", "Test.csproj", "{2113F121-5E5F-4F71-A790-A4F230104A8A}"
EndProject
Global
	GlobalSection(SolutionConfigurationPlatforms) = preSolution
		Debug|Any CPU = Debug|Any CPU
		Release|Any CPU = Release|Any CPU
	EndGlobalSection
	GlobalSection(ProjectConfigurationPlatforms) = postSolution
		{2113F121-5E5F-4F71-A790-A4F230104A8A}.Debug|Any CPU.ActiveCfg = Debug|Any CPU
		{2113F121-5E5F-4F71-A790-A4F230104A8A}.Debug|Any CPU.Build.0 = Debug|Any CPU
		{2113F121-5E5F-4F71-A790-A4F230104A8A}.Release|Any CPU.ActiveCfg = Release|Any CPU
		{2113F121-5E5F-4F71-A790-A4F230104A8A}.Release|Any CPU.Build.0 = Release|Any CPU
	EndGlobalSection
	GlobalSection(SolutionProperties) = preSolution
		HideSolutionNode = FALSE
	EndGlobalSection
	GlobalSection(ExtensibilityGlobals) = postSolution
		SolutionGuid = {7077EA0F-41E1-4B6C-884C-1E0E708C6712}
	EndGlobalSection
EndGlobal
